// !$*UTF8*$!
{
	archiveVersion = 1;
	classes = {
	};
	objectVersion = 54;
	objects = {

/* Begin PBXBuildFile section */
		0C80B921A6F3F58F76C31292 /* libPods-Skolar.a in Frameworks */ = {isa = PBXBuildFile; fileRef = 5DCACB8F33CDC322A6C60F78 /* libPods-Skolar.a */; };
		13B07FBF1A68108700A75B9A /* Images.xcassets in Resources */ = {isa = PBXBuildFile; fileRef = 13B07FB51A68108700A75B9A /* Images.xcassets */; };
		761780ED2CA45674006654EE /* AppDelegate.swift in Sources */ = {isa = PBXBuildFile; fileRef = 761780EC2CA45674006654EE /* AppDelegate.swift */; };
		81AB9BB82411601600AC10FF /* LaunchScreen.storyboard in Resources */ = {isa = PBXBuildFile; fileRef = 81AB9BB72411601600AC10FF /* LaunchScreen.storyboard */; };
		AF7A6944C2524B6DB754E4B2 /* Futura-CondensedLight.otf in Resources */ = {isa = PBXBuildFile; fileRef = 8FE8AC786FCD4C49998EAD13 /* Futura-CondensedLight.otf */; };
		82185C02BC9B4596BAEF6D92 /* Futura Bold Italic font.ttf in Resources */ = {isa = PBXBuildFile; fileRef = C5B6447FCC3E43EDA62328E9 /* Futura Bold Italic font.ttf */; };
		4F479F906ACB41FF91623B8D /* Futura Bold font.ttf in Resources */ = {isa = PBXBuildFile; fileRef = F5EB554EE0794804B2D67D31 /* Futura Bold font.ttf */; };
		F7490E678FA14BEA92E88566 /* Futura Book Italic font.ttf in Resources */ = {isa = PBXBuildFile; fileRef = D3ABC2D9E9A04A77A7FF38D8 /* Futura Book Italic font.ttf */; };
		31DEC1230D374C5F99105BFD /* Futura Book font.ttf in Resources */ = {isa = PBXBuildFile; fileRef = 106816E4FD41402DBA93FAE4 /* Futura Book font.ttf */; };
		691E71D92EB94C08B9323DE0 /* Futura Extra Black font.ttf in Resources */ = {isa = PBXBuildFile; fileRef = 05831567A83A43C8A49F782C /* Futura Extra Black font.ttf */; };
		D38BFF8FABAA435887F47411 /* Futura Heavy Italic font.ttf in Resources */ = {isa = PBXBuildFile; fileRef = 6624376183B04AFE8E921C5F /* Futura Heavy Italic font.ttf */; };
		8DF925899BE54BF1A00C8942 /* Futura Heavy font.ttf in Resources */ = {isa = PBXBuildFile; fileRef = 86AA1186E62D4869B9EE5B3C /* Futura Heavy font.ttf */; };
		8230F59A3DF843D9AB8D73D4 /* Futura Light Italic font.ttf in Resources */ = {isa = PBXBuildFile; fileRef = 2B65D57A4D704312ABCF3008 /* Futura Light Italic font.ttf */; };
		D52C36F5414D46E5B36CD782 /* Futura Light font.ttf in Resources */ = {isa = PBXBuildFile; fileRef = E7EDDD756C224E5EAE9A50E2 /* Futura Light font.ttf */; };
		9090E3E8AED6434B88E1DEBF /* Futura Medium Italic font.ttf in Resources */ = {isa = PBXBuildFile; fileRef = 465D5FCB48434A03A931C4A2 /* Futura Medium Italic font.ttf */; };
		EB71474CC1F945FE93F6578E /* Futura XBlk BT.ttf in Resources */ = {isa = PBXBuildFile; fileRef = 910EBFC4DBE9425DBB7F1BBD /* Futura XBlk BT.ttf */; };
		1D9D7578DF364AACB19EDC13 /* futur.ttf in Resources */ = {isa = PBXBuildFile; fileRef = 2B12D29C8DC24892B8C6DDC8 /* futur.ttf */; };
		1F073C6B094B4099BF691664 /* futura light bt.ttf in Resources */ = {isa = PBXBuildFile; fileRef = CB0014D11FF54242A4A01F28 /* futura light bt.ttf */; };
		5AA2669DC55540E8A61E536C /* futura medium bt.ttf in Resources */ = {isa = PBXBuildFile; fileRef = 2401A248DBF546B685302A5B /* futura medium bt.ttf */; };
		D98306588C5B466AB082DE52 /* futura medium condensed bt.ttf in Resources */ = {isa = PBXBuildFile; fileRef = AB005710541C403795533411 /* futura medium condensed bt.ttf */; };
		A151B3B68371416388BAEF2F /* tt0205m_.ttf in Resources */ = {isa = PBXBuildFile; fileRef = CD7E456AC0764174804CBD71 /* tt0205m_.ttf */; };
		05FB9FD6930A4559AF5DA443 /* unicode.futurab.ttf in Resources */ = {isa = PBXBuildFile; fileRef = DAE5EDE6694046C48E8AAAAF /* unicode.futurab.ttf */; };
		09D979B3E3094A508B6B0BF2 /* unicode.futurabb.ttf in Resources */ = {isa = PBXBuildFile; fileRef = 86240B7383C7489E9E394196 /* unicode.futurabb.ttf */; };
		02A6A81456FF4964B84BE4B6 /* sharefonts.net.txt in Resources */ = {isa = PBXBuildFile; fileRef = 8380636A7B964FA481E99156 /* sharefonts.net.txt */; };
		EED9A019C470469398C2C9B4 /* BootSplash.storyboard in Resources */ = {isa = PBXBuildFile; fileRef = 2760187025F34B4A96717C2F /* BootSplash.storyboard */; };
		F85C9E30A9434959AC98C479 /* Colors.xcassets in Resources */ = {isa = PBXBuildFile; fileRef = CB7828DB209A4B4FA3313252 /* Colors.xcassets */; };
		EB502F867DD048D3BF3D9F45 /* Lexend-Black.ttf in Resources */ = {isa = PBXBuildFile; fileRef = 47B363A118234E068A755091 /* Lexend-Black.ttf */; };
		0A185D0D9E854BADADF2176D /* Lexend-Bold.ttf in Resources */ = {isa = PBXBuildFile; fileRef = 437708517AA248B4A3339428 /* Lexend-Bold.ttf */; };
		675A7F765FEE40CABFC2F3FF /* Lexend-ExtraBold.ttf in Resources */ = {isa = PBXBuildFile; fileRef = E9059ED19C0D4849825CA02E /* Lexend-ExtraBold.ttf */; };
		44C2D78603CA42B081BF898E /* Lexend-ExtraLight.ttf in Resources */ = {isa = PBXBuildFile; fileRef = 1678E9EB87164F6C9689EC6F /* Lexend-ExtraLight.ttf */; };
		A5A3EF8FCE1D43C18534FA0E /* Lexend-Light.ttf in Resources */ = {isa = PBXBuildFile; fileRef = 16B036F9597E49A49C74F89B /* Lexend-Light.ttf */; };
		DB4CC0756FBA4FD5A3C72F94 /* Lexend-Medium.ttf in Resources */ = {isa = PBXBuildFile; fileRef = EAB9F79D7B5C413A9730DD8B /* Lexend-Medium.ttf */; };
		5E65837E05084840B1C372AB /* Lexend-Regular.ttf in Resources */ = {isa = PBXBuildFile; fileRef = 44C578BCA00648E1AB83607E /* Lexend-Regular.ttf */; };
		0303C2A8CBBA47B992A5CBD0 /* Lexend-SemiBold.ttf in Resources */ = {isa = PBXBuildFile; fileRef = B53CECEAF7D246338737890B /* Lexend-SemiBold.ttf */; };
		52491BC0D4DF424CBA8FA571 /* Lexend-Thin.ttf in Resources */ = {isa = PBXBuildFile; fileRef = B806B1D0858E44FDA1FEF19F /* Lexend-Thin.ttf */; };
/* End PBXBuildFile section */

/* Begin PBXContainerItemProxy section */
		00E356F41AD99517003FC87E /* PBXContainerItemProxy */ = {
			isa = PBXContainerItemProxy;
			containerPortal = 83CBB9F71A601CBA00E9B192 /* Project object */;
			proxyType = 1;
			remoteGlobalIDString = 13B07F861A680F5B00A75B9A;
			remoteInfo = Skolar;
		};
/* End PBXContainerItemProxy section */

/* Begin PBXFileReference section */
		00E356F11AD99517003FC87E /* Info.plist */ = {isa = PBXFileReference; lastKnownFileType = text.plist.xml; path = Info.plist; sourceTree = "<group>"; };
		13B07F961A680F5B00A75B9A /* Skolar.app */ = {isa = PBXFileReference; explicitFileType = wrapper.application; includeInIndex = 0; path = Skolar.app; sourceTree = BUILT_PRODUCTS_DIR; };
		13B07FB51A68108700A75B9A /* Images.xcassets */ = {isa = PBXFileReference; lastKnownFileType = folder.assetcatalog; name = Images.xcassets; path = Skolar/Images.xcassets; sourceTree = "<group>"; };
		13B07FB61A68108700A75B9A /* Info.plist */ = {isa = PBXFileReference; fileEncoding = 4; lastKnownFileType = text.plist.xml; name = Info.plist; path = Skolar/Info.plist; sourceTree = "<group>"; };
		13B07FB81A68108700A75B9A /* PrivacyInfo.xcprivacy */ = {isa = PBXFileReference; fileEncoding = 4; lastKnownFileType = text.plist.xml; name = PrivacyInfo.xcprivacy; path = Skolar/PrivacyInfo.xcprivacy; sourceTree = "<group>"; };
		3B4392A12AC88292D35C810B /* Pods-Skolar.debug.xcconfig */ = {isa = PBXFileReference; includeInIndex = 1; lastKnownFileType = text.xcconfig; name = "Pods-Skolar.debug.xcconfig"; path = "Target Support Files/Pods-Skolar/Pods-Skolar.debug.xcconfig"; sourceTree = "<group>"; };
		5709B34CF0A7D63546082F79 /* Pods-Skolar.release.xcconfig */ = {isa = PBXFileReference; includeInIndex = 1; lastKnownFileType = text.xcconfig; name = "Pods-Skolar.release.xcconfig"; path = "Target Support Files/Pods-Skolar/Pods-Skolar.release.xcconfig"; sourceTree = "<group>"; };
		5DCACB8F33CDC322A6C60F78 /* libPods-Skolar.a */ = {isa = PBXFileReference; explicitFileType = archive.ar; includeInIndex = 0; path = "libPods-Skolar.a"; sourceTree = BUILT_PRODUCTS_DIR; };
		761780EC2CA45674006654EE /* AppDelegate.swift */ = {isa = PBXFileReference; lastKnownFileType = sourcecode.swift; name = AppDelegate.swift; path = Skolar/AppDelegate.swift; sourceTree = "<group>"; };
		81AB9BB72411601600AC10FF /* LaunchScreen.storyboard */ = {isa = PBXFileReference; fileEncoding = 4; lastKnownFileType = file.storyboard; name = LaunchScreen.storyboard; path = Skolar/LaunchScreen.storyboard; sourceTree = "<group>"; };
		ED297162215061F000B7C4FE /* JavaScriptCore.framework */ = {isa = PBXFileReference; lastKnownFileType = wrapper.framework; name = JavaScriptCore.framework; path = System/Library/Frameworks/JavaScriptCore.framework; sourceTree = SDKROOT; };
		8FE8AC786FCD4C49998EAD13 /* Futura-CondensedLight.otf */ = {isa = PBXFileReference; name = "Futura-CondensedLight.otf"; path = "../src/assets/fonts/Futura-CondensedLight.otf"; sourceTree = "<group>"; fileEncoding = undefined; lastKnownFileType = unknown; explicitFileType = undefined; includeInIndex = 0; };
		C5B6447FCC3E43EDA62328E9 /* Futura Bold Italic font.ttf */ = {isa = PBXFileReference; name = "Futura Bold Italic font.ttf"; path = "../src/assets/fonts/Futura Bold Italic font.ttf"; sourceTree = "<group>"; fileEncoding = undefined; lastKnownFileType = unknown; explicitFileType = undefined; includeInIndex = 0; };
		F5EB554EE0794804B2D67D31 /* Futura Bold font.ttf */ = {isa = PBXFileReference; name = "Futura Bold font.ttf"; path = "../src/assets/fonts/Futura Bold font.ttf"; sourceTree = "<group>"; fileEncoding = undefined; lastKnownFileType = unknown; explicitFileType = undefined; includeInIndex = 0; };
		D3ABC2D9E9A04A77A7FF38D8 /* Futura Book Italic font.ttf */ = {isa = PBXFileReference; name = "Futura Book Italic font.ttf"; path = "../src/assets/fonts/Futura Book Italic font.ttf"; sourceTree = "<group>"; fileEncoding = undefined; lastKnownFileType = unknown; explicitFileType = undefined; includeInIndex = 0; };
		106816E4FD41402DBA93FAE4 /* Futura Book font.ttf */ = {isa = PBXFileReference; name = "Futura Book font.ttf"; path = "../src/assets/fonts/Futura Book font.ttf"; sourceTree = "<group>"; fileEncoding = undefined; lastKnownFileType = unknown; explicitFileType = undefined; includeInIndex = 0; };
		05831567A83A43C8A49F782C /* Futura Extra Black font.ttf */ = {isa = PBXFileReference; name = "Futura Extra Black font.ttf"; path = "../src/assets/fonts/Futura Extra Black font.ttf"; sourceTree = "<group>"; fileEncoding = undefined; lastKnownFileType = unknown; explicitFileType = undefined; includeInIndex = 0; };
		6624376183B04AFE8E921C5F /* Futura Heavy Italic font.ttf */ = {isa = PBXFileReference; name = "Futura Heavy Italic font.ttf"; path = "../src/assets/fonts/Futura Heavy Italic font.ttf"; sourceTree = "<group>"; fileEncoding = undefined; lastKnownFileType = unknown; explicitFileType = undefined; includeInIndex = 0; };
		86AA1186E62D4869B9EE5B3C /* Futura Heavy font.ttf */ = {isa = PBXFileReference; name = "Futura Heavy font.ttf"; path = "../src/assets/fonts/Futura Heavy font.ttf"; sourceTree = "<group>"; fileEncoding = undefined; lastKnownFileType = unknown; explicitFileType = undefined; includeInIndex = 0; };
		2B65D57A4D704312ABCF3008 /* Futura Light Italic font.ttf */ = {isa = PBXFileReference; name = "Futura Light Italic font.ttf"; path = "../src/assets/fonts/Futura Light Italic font.ttf"; sourceTree = "<group>"; fileEncoding = undefined; lastKnownFileType = unknown; explicitFileType = undefined; includeInIndex = 0; };
		E7EDDD756C224E5EAE9A50E2 /* Futura Light font.ttf */ = {isa = PBXFileReference; name = "Futura Light font.ttf"; path = "../src/assets/fonts/Futura Light font.ttf"; sourceTree = "<group>"; fileEncoding = undefined; lastKnownFileType = unknown; explicitFileType = undefined; includeInIndex = 0; };
		465D5FCB48434A03A931C4A2 /* Futura Medium Italic font.ttf */ = {isa = PBXFileReference; name = "Futura Medium Italic font.ttf"; path = "../src/assets/fonts/Futura Medium Italic font.ttf"; sourceTree = "<group>"; fileEncoding = undefined; lastKnownFileType = unknown; explicitFileType = undefined; includeInIndex = 0; };
		910EBFC4DBE9425DBB7F1BBD /* Futura XBlk BT.ttf */ = {isa = PBXFileReference; name = "Futura XBlk BT.ttf"; path = "../src/assets/fonts/Futura XBlk BT.ttf"; sourceTree = "<group>"; fileEncoding = undefined; lastKnownFileType = unknown; explicitFileType = undefined; includeInIndex = 0; };
		2B12D29C8DC24892B8C6DDC8 /* futur.ttf */ = {isa = PBXFileReference; name = "futur.ttf"; path = "../src/assets/fonts/futur.ttf"; sourceTree = "<group>"; fileEncoding = undefined; lastKnownFileType = unknown; explicitFileType = undefined; includeInIndex = 0; };
		CB0014D11FF54242A4A01F28 /* futura light bt.ttf */ = {isa = PBXFileReference; name = "futura light bt.ttf"; path = "../src/assets/fonts/futura light bt.ttf"; sourceTree = "<group>"; fileEncoding = undefined; lastKnownFileType = unknown; explicitFileType = undefined; includeInIndex = 0; };
		2401A248DBF546B685302A5B /* futura medium bt.ttf */ = {isa = PBXFileReference; name = "futura medium bt.ttf"; path = "../src/assets/fonts/futura medium bt.ttf"; sourceTree = "<group>"; fileEncoding = undefined; lastKnownFileType = unknown; explicitFileType = undefined; includeInIndex = 0; };
		AB005710541C403795533411 /* futura medium condensed bt.ttf */ = {isa = PBXFileReference; name = "futura medium condensed bt.ttf"; path = "../src/assets/fonts/futura medium condensed bt.ttf"; sourceTree = "<group>"; fileEncoding = undefined; lastKnownFileType = unknown; explicitFileType = undefined; includeInIndex = 0; };
		CD7E456AC0764174804CBD71 /* tt0205m_.ttf */ = {isa = PBXFileReference; name = "tt0205m_.ttf"; path = "../src/assets/fonts/tt0205m_.ttf"; sourceTree = "<group>"; fileEncoding = undefined; lastKnownFileType = unknown; explicitFileType = undefined; includeInIndex = 0; };
		DAE5EDE6694046C48E8AAAAF /* unicode.futurab.ttf */ = {isa = PBXFileReference; name = "unicode.futurab.ttf"; path = "../src/assets/fonts/unicode.futurab.ttf"; sourceTree = "<group>"; fileEncoding = undefined; lastKnownFileType = unknown; explicitFileType = undefined; includeInIndex = 0; };
		86240B7383C7489E9E394196 /* unicode.futurabb.ttf */ = {isa = PBXFileReference; name = "unicode.futurabb.ttf"; path = "../src/assets/fonts/unicode.futurabb.ttf"; sourceTree = "<group>"; fileEncoding = undefined; lastKnownFileType = unknown; explicitFileType = undefined; includeInIndex = 0; };
		8380636A7B964FA481E99156 /* sharefonts.net.txt */ = {isa = PBXFileReference; name = "sharefonts.net.txt"; path = "../src/assets/fonts/sharefonts.net.txt"; sourceTree = "<group>"; fileEncoding = undefined; lastKnownFileType = unknown; explicitFileType = undefined; includeInIndex = 0; };
		2760187025F34B4A96717C2F /* BootSplash.storyboard */ = {isa = PBXFileReference; name = "BootSplash.storyboard"; path = "Skolar/BootSplash.storyboard"; sourceTree = "<group>"; fileEncoding = undefined; lastKnownFileType = unknown; explicitFileType = undefined; includeInIndex = 0; };
		CB7828DB209A4B4FA3313252 /* Colors.xcassets */ = {isa = PBXFileReference; name = "Colors.xcassets"; path = "Skolar/Colors.xcassets"; sourceTree = "<group>"; fileEncoding = undefined; lastKnownFileType = folder.assetcatalog; explicitFileType = undefined; includeInIndex = 0; };
		47B363A118234E068A755091 /* Lexend-Black.ttf */ = {isa = PBXFileReference; name = "Lexend-Black.ttf"; path = "../src/assets/fonts2/Lexend-Black.ttf"; sourceTree = "<group>"; fileEncoding = undefined; lastKnownFileType = unknown; explicitFileType = undefined; includeInIndex = 0; };
		437708517AA248B4A3339428 /* Lexend-Bold.ttf */ = {isa = PBXFileReference; name = "Lexend-Bold.ttf"; path = "../src/assets/fonts2/Lexend-Bold.ttf"; sourceTree = "<group>"; fileEncoding = undefined; lastKnownFileType = unknown; explicitFileType = undefined; includeInIndex = 0; };
		E9059ED19C0D4849825CA02E /* Lexend-ExtraBold.ttf */ = {isa = PBXFileReference; name = "Lexend-ExtraBold.ttf"; path = "../src/assets/fonts2/Lexend-ExtraBold.ttf"; sourceTree = "<group>"; fileEncoding = undefined; lastKnownFileType = unknown; explicitFileType = undefined; includeInIndex = 0; };
		1678E9EB87164F6C9689EC6F /* Lexend-ExtraLight.ttf */ = {isa = PBXFileReference; name = "Lexend-ExtraLight.ttf"; path = "../src/assets/fonts2/Lexend-ExtraLight.ttf"; sourceTree = "<group>"; fileEncoding = undefined; lastKnownFileType = unknown; explicitFileType = undefined; includeInIndex = 0; };
		16B036F9597E49A49C74F89B /* Lexend-Light.ttf */ = {isa = PBXFileReference; name = "Lexend-Light.ttf"; path = "../src/assets/fonts2/Lexend-Light.ttf"; sourceTree = "<group>"; fileEncoding = undefined; lastKnownFileType = unknown; explicitFileType = undefined; includeInIndex = 0; };
		EAB9F79D7B5C413A9730DD8B /* Lexend-Medium.ttf */ = {isa = PBXFileReference; name = "Lexend-Medium.ttf"; path = "../src/assets/fonts2/Lexend-Medium.ttf"; sourceTree = "<group>"; fileEncoding = undefined; lastKnownFileType = unknown; explicitFileType = undefined; includeInIndex = 0; };
		44C578BCA00648E1AB83607E /* Lexend-Regular.ttf */ = {isa = PBXFileReference; name = "Lexend-Regular.ttf"; path = "../src/assets/fonts2/Lexend-Regular.ttf"; sourceTree = "<group>"; fileEncoding = undefined; lastKnownFileType = unknown; explicitFileType = undefined; includeInIndex = 0; };
		B53CECEAF7D246338737890B /* Lexend-SemiBold.ttf */ = {isa = PBXFileReference; name = "Lexend-SemiBold.ttf"; path = "../src/assets/fonts2/Lexend-SemiBold.ttf"; sourceTree = "<group>"; fileEncoding = undefined; lastKnownFileType = unknown; explicitFileType = undefined; includeInIndex = 0; };
		B806B1D0858E44FDA1FEF19F /* Lexend-Thin.ttf */ = {isa = PBXFileReference; name = "Lexend-Thin.ttf"; path = "../src/assets/fonts2/Lexend-Thin.ttf"; sourceTree = "<group>"; fileEncoding = undefined; lastKnownFileType = unknown; explicitFileType = undefined; includeInIndex = 0; };
/* End PBXFileReference section */

/* Begin PBXFrameworksBuildPhase section */
		13B07F8C1A680F5B00A75B9A /* Frameworks */ = {
			isa = PBXFrameworksBuildPhase;
			buildActionMask = 2147483647;
			files = (
				0C80B921A6F3F58F76C31292 /* libPods-Skolar.a in Frameworks */,
			);
			runOnlyForDeploymentPostprocessing = 0;
		};
/* End PBXFrameworksBuildPhase section */

/* Begin PBXGroup section */
		00E356F01AD99517003FC87E /* Supporting Files */ = {
			isa = PBXGroup;
			children = (
				00E356F11AD99517003FC87E /* Info.plist */,
			);
			name = "Supporting Files";
			sourceTree = "<group>";
		};
		13B07FAE1A68108700A75B9A /* Skolar */ = {
			isa = PBXGroup;
			children = (
				13B07FB51A68108700A75B9A /* Images.xcassets */,
				761780EC2CA45674006654EE /* AppDelegate.swift */,
				13B07FB61A68108700A75B9A /* Info.plist */,
				81AB9BB72411601600AC10FF /* LaunchScreen.storyboard */,
				13B07FB81A68108700A75B9A /* PrivacyInfo.xcprivacy */,
				2760187025F34B4A96717C2F /* BootSplash.storyboard */,
				CB7828DB209A4B4FA3313252 /* Colors.xcassets */,
			);
			name = Skolar;
			sourceTree = "<group>";
		};
		2D16E6871FA4F8E400B85C8A /* Frameworks */ = {
			isa = PBXGroup;
			children = (
				ED297162215061F000B7C4FE /* JavaScriptCore.framework */,
				5DCACB8F33CDC322A6C60F78 /* libPods-Skolar.a */,
			);
			name = Frameworks;
			sourceTree = "<group>";
		};
		832341AE1AAA6A7D00B99B32 /* Libraries */ = {
			isa = PBXGroup;
			children = (
			);
			name = Libraries;
			sourceTree = "<group>";
		};
		83CBB9F61A601CBA00E9B192 = {
			isa = PBXGroup;
			children = (
				13B07FAE1A68108700A75B9A /* Skolar */,
				832341AE1AAA6A7D00B99B32 /* Libraries */,
				83CBBA001A601CBA00E9B192 /* Products */,
				2D16E6871FA4F8E400B85C8A /* Frameworks */,
				BBD78D7AC51CEA395F1C20DB /* Pods */,
				74BE2307AA324BA6BAE3EA7E /* Resources */,
			);
			indentWidth = 2;
			sourceTree = "<group>";
			tabWidth = 2;
			usesTabs = 0;
		};
		83CBBA001A601CBA00E9B192 /* Products */ = {
			isa = PBXGroup;
			children = (
				13B07F961A680F5B00A75B9A /* Skolar.app */,
			);
			name = Products;
			sourceTree = "<group>";
		};
		BBD78D7AC51CEA395F1C20DB /* Pods */ = {
			isa = PBXGroup;
			children = (
				3B4392A12AC88292D35C810B /* Pods-Skolar.debug.xcconfig */,
				5709B34CF0A7D63546082F79 /* Pods-Skolar.release.xcconfig */,
			);
			path = Pods;
			sourceTree = "<group>";
		};
		74BE2307AA324BA6BAE3EA7E /* Resources */ = {
			isa = "PBXGroup";
			children = (
				8FE8AC786FCD4C49998EAD13 /* Futura-CondensedLight.otf */,
				C5B6447FCC3E43EDA62328E9 /* Futura Bold Italic font.ttf */,
				F5EB554EE0794804B2D67D31 /* Futura Bold font.ttf */,
				D3ABC2D9E9A04A77A7FF38D8 /* Futura Book Italic font.ttf */,
				106816E4FD41402DBA93FAE4 /* Futura Book font.ttf */,
				05831567A83A43C8A49F782C /* Futura Extra Black font.ttf */,
				6624376183B04AFE8E921C5F /* Futura Heavy Italic font.ttf */,
				86AA1186E62D4869B9EE5B3C /* Futura Heavy font.ttf */,
				2B65D57A4D704312ABCF3008 /* Futura Light Italic font.ttf */,
				E7EDDD756C224E5EAE9A50E2 /* Futura Light font.ttf */,
				465D5FCB48434A03A931C4A2 /* Futura Medium Italic font.ttf */,
				910EBFC4DBE9425DBB7F1BBD /* Futura XBlk BT.ttf */,
				2B12D29C8DC24892B8C6DDC8 /* futur.ttf */,
				CB0014D11FF54242A4A01F28 /* futura light bt.ttf */,
				2401A248DBF546B685302A5B /* futura medium bt.ttf */,
				AB005710541C403795533411 /* futura medium condensed bt.ttf */,
				CD7E456AC0764174804CBD71 /* tt0205m_.ttf */,
				DAE5EDE6694046C48E8AAAAF /* unicode.futurab.ttf */,
				86240B7383C7489E9E394196 /* unicode.futurabb.ttf */,
				8380636A7B964FA481E99156 /* sharefonts.net.txt */,
				47B363A118234E068A755091 /* Lexend-Black.ttf */,
				437708517AA248B4A3339428 /* Lexend-Bold.ttf */,
				E9059ED19C0D4849825CA02E /* Lexend-ExtraBold.ttf */,
				1678E9EB87164F6C9689EC6F /* Lexend-ExtraLight.ttf */,
				16B036F9597E49A49C74F89B /* Lexend-Light.ttf */,
				EAB9F79D7B5C413A9730DD8B /* Lexend-Medium.ttf */,
				44C578BCA00648E1AB83607E /* Lexend-Regular.ttf */,
				B53CECEAF7D246338737890B /* Lexend-SemiBold.ttf */,
				B806B1D0858E44FDA1FEF19F /* Lexend-Thin.ttf */,
			);
			name = Resources;
			sourceTree = "<group>";
			path = "";
		};
/* End PBXGroup section */

/* Begin PBXNativeTarget section */
		13B07F861A680F5B00A75B9A /* Skolar */ = {
			isa = PBXNativeTarget;
			buildConfigurationList = 13B07F931A680F5B00A75B9A /* Build configuration list for PBXNativeTarget "Skolar" */;
			buildPhases = (
				C38B50BA6285516D6DCD4F65 /* [CP] Check Pods Manifest.lock */,
				13B07F871A680F5B00A75B9A /* Sources */,
				13B07F8C1A680F5B00A75B9A /* Frameworks */,
				13B07F8E1A680F5B00A75B9A /* Resources */,
				00DD1BFF1BD5951E006B06BC /* Bundle React Native code and images */,
				00EEFC60759A1932668264C0 /* [CP] Embed Pods Frameworks */,
				E235C05ADACE081382539298 /* [CP] Copy Pods Resources */,
			);
			buildRules = (
			);
			dependencies = (
			);
			name = Skolar;
			productName = Skolar;
			productReference = 13B07F961A680F5B00A75B9A /* Skolar.app */;
			productType = "com.apple.product-type.application";
		};
/* End PBXNativeTarget section */

/* Begin PBXProject section */
		83CBB9F71A601CBA00E9B192 /* Project object */ = {
			isa = PBXProject;
			attributes = {
				LastUpgradeCheck = 1210;
				TargetAttributes = {
					13B07F861A680F5B00A75B9A = {
						LastSwiftMigration = 1120;
					};
				};
			};
			buildConfigurationList = 83CBB9FA1A601CBA00E9B192 /* Build configuration list for PBXProject "Skolar" */;
			compatibilityVersion = "Xcode 12.0";
			developmentRegion = en;
			hasScannedForEncodings = 0;
			knownRegions = (
				en,
				Base,
			);
			mainGroup = 83CBB9F61A601CBA00E9B192;
			productRefGroup = 83CBBA001A601CBA00E9B192 /* Products */;
			projectDirPath = "";
			projectRoot = "";
			targets = (
				13B07F861A680F5B00A75B9A /* Skolar */,
			);
		};
/* End PBXProject section */

/* Begin PBXResourcesBuildPhase section */
		00E356EC1AD99517003FC87E /* Resources */ = {
			isa = PBXResourcesBuildPhase;
			buildActionMask = 2147483647;
			files = (
			);
			runOnlyForDeploymentPostprocessing = 0;
		};
		13B07F8E1A680F5B00A75B9A /* Resources */ = {
			isa = PBXResourcesBuildPhase;
			buildActionMask = 2147483647;
			files = (
				81AB9BB82411601600AC10FF /* LaunchScreen.storyboard in Resources */,
				13B07FBF1A68108700A75B9A /* Images.xcassets in Resources */,
				AF7A6944C2524B6DB754E4B2 /* Futura-CondensedLight.otf in Resources */,
				82185C02BC9B4596BAEF6D92 /* Futura Bold Italic font.ttf in Resources */,
				4F479F906ACB41FF91623B8D /* Futura Bold font.ttf in Resources */,
				F7490E678FA14BEA92E88566 /* Futura Book Italic font.ttf in Resources */,
				31DEC1230D374C5F99105BFD /* Futura Book font.ttf in Resources */,
				691E71D92EB94C08B9323DE0 /* Futura Extra Black font.ttf in Resources */,
				D38BFF8FABAA435887F47411 /* Futura Heavy Italic font.ttf in Resources */,
				8DF925899BE54BF1A00C8942 /* Futura Heavy font.ttf in Resources */,
				8230F59A3DF843D9AB8D73D4 /* Futura Light Italic font.ttf in Resources */,
				D52C36F5414D46E5B36CD782 /* Futura Light font.ttf in Resources */,
				9090E3E8AED6434B88E1DEBF /* Futura Medium Italic font.ttf in Resources */,
				EB71474CC1F945FE93F6578E /* Futura XBlk BT.ttf in Resources */,
				1D9D7578DF364AACB19EDC13 /* futur.ttf in Resources */,
				1F073C6B094B4099BF691664 /* futura light bt.ttf in Resources */,
				5AA2669DC55540E8A61E536C /* futura medium bt.ttf in Resources */,
				D98306588C5B466AB082DE52 /* futura medium condensed bt.ttf in Resources */,
				A151B3B68371416388BAEF2F /* tt0205m_.ttf in Resources */,
				05FB9FD6930A4559AF5DA443 /* unicode.futurab.ttf in Resources */,
				09D979B3E3094A508B6B0BF2 /* unicode.futurabb.ttf in Resources */,
				02A6A81456FF4964B84BE4B6 /* sharefonts.net.txt in Resources */,
				EED9A019C470469398C2C9B4 /* BootSplash.storyboard in Resources */,
				F85C9E30A9434959AC98C479 /* Colors.xcassets in Resources */,
				EB502F867DD048D3BF3D9F45 /* Lexend-Black.ttf in Resources */,
				0A185D0D9E854BADADF2176D /* Lexend-Bold.ttf in Resources */,
				675A7F765FEE40CABFC2F3FF /* Lexend-ExtraBold.ttf in Resources */,
				44C2D78603CA42B081BF898E /* Lexend-ExtraLight.ttf in Resources */,
				A5A3EF8FCE1D43C18534FA0E /* Lexend-Light.ttf in Resources */,
				DB4CC0756FBA4FD5A3C72F94 /* Lexend-Medium.ttf in Resources */,
				5E65837E05084840B1C372AB /* Lexend-Regular.ttf in Resources */,
				0303C2A8CBBA47B992A5CBD0 /* Lexend-SemiBold.ttf in Resources */,
				52491BC0D4DF424CBA8FA571 /* Lexend-Thin.ttf in Resources */,
			);
			runOnlyForDeploymentPostprocessing = 0;
		};
/* End PBXResourcesBuildPhase section */

/* Begin PBXShellScriptBuildPhase section */
		00DD1BFF1BD5951E006B06BC /* Bundle React Native code and images */ = {
			isa = PBXShellScriptBuildPhase;
			buildActionMask = 2147483647;
			files = (
			);
			inputPaths = (
				"$(SRCROOT)/.xcode.env.local",
				"$(SRCROOT)/.xcode.env",
			);
			name = "Bundle React Native code and images";
			outputPaths = (
			);
			runOnlyForDeploymentPostprocessing = 0;
			shellPath = /bin/sh;
			shellScript = "set -e\n\nWITH_ENVIRONMENT=\"$REACT_NATIVE_PATH/scripts/xcode/with-environment.sh\"\nREACT_NATIVE_XCODE=\"$REACT_NATIVE_PATH/scripts/react-native-xcode.sh\"\n\n/bin/sh -c \"$WITH_ENVIRONMENT $REACT_NATIVE_XCODE\"\n";
		};
		00EEFC60759A1932668264C0 /* [CP] Embed Pods Frameworks */ = {
			isa = PBXShellScriptBuildPhase;
			buildActionMask = 2147483647;
			files = (
			);
			inputFileListPaths = (
				"${PODS_ROOT}/Target Support Files/Pods-Skolar/Pods-Skolar-frameworks-${CONFIGURATION}-input-files.xcfilelist",
			);
			name = "[CP] Embed Pods Frameworks";
			outputFileListPaths = (
				"${PODS_ROOT}/Target Support Files/Pods-Skolar/Pods-Skolar-frameworks-${CONFIGURATION}-output-files.xcfilelist",
			);
			runOnlyForDeploymentPostprocessing = 0;
			shellPath = /bin/sh;
			shellScript = "\"${PODS_ROOT}/Target Support Files/Pods-Skolar/Pods-Skolar-frameworks.sh\"\n";
			showEnvVarsInLog = 0;
		};
		C38B50BA6285516D6DCD4F65 /* [CP] Check Pods Manifest.lock */ = {
			isa = PBXShellScriptBuildPhase;
			buildActionMask = 2147483647;
			files = (
			);
			inputFileListPaths = (
			);
			inputPaths = (
				"${PODS_PODFILE_DIR_PATH}/Podfile.lock",
				"${PODS_ROOT}/Manifest.lock",
			);
			name = "[CP] Check Pods Manifest.lock";
			outputFileListPaths = (
			);
			outputPaths = (
				"$(DERIVED_FILE_DIR)/Pods-Skolar-checkManifestLockResult.txt",
			);
			runOnlyForDeploymentPostprocessing = 0;
			shellPath = /bin/sh;
			shellScript = "diff \"${PODS_PODFILE_DIR_PATH}/Podfile.lock\" \"${PODS_ROOT}/Manifest.lock\" > /dev/null\nif [ $? != 0 ] ; then\n    # print error to STDERR\n    echo \"error: The sandbox is not in sync with the Podfile.lock. Run 'pod install' or update your CocoaPods installation.\" >&2\n    exit 1\nfi\n# This output is used by Xcode 'outputs' to avoid re-running this script phase.\necho \"SUCCESS\" > \"${SCRIPT_OUTPUT_FILE_0}\"\n";
			showEnvVarsInLog = 0;
		};
		E235C05ADACE081382539298 /* [CP] Copy Pods Resources */ = {
			isa = PBXShellScriptBuildPhase;
			buildActionMask = 2147483647;
			files = (
			);
			inputFileListPaths = (
				"${PODS_ROOT}/Target Support Files/Pods-Skolar/Pods-Skolar-resources-${CONFIGURATION}-input-files.xcfilelist",
			);
			name = "[CP] Copy Pods Resources";
			outputFileListPaths = (
				"${PODS_ROOT}/Target Support Files/Pods-Skolar/Pods-Skolar-resources-${CONFIGURATION}-output-files.xcfilelist",
			);
			runOnlyForDeploymentPostprocessing = 0;
			shellPath = /bin/sh;
			shellScript = "\"${PODS_ROOT}/Target Support Files/Pods-Skolar/Pods-Skolar-resources.sh\"\n";
			showEnvVarsInLog = 0;
		};
/* End PBXShellScriptBuildPhase section */

/* Begin PBXSourcesBuildPhase section */
		13B07F871A680F5B00A75B9A /* Sources */ = {
			isa = PBXSourcesBuildPhase;
			buildActionMask = 2147483647;
			files = (
				761780ED2CA45674006654EE /* AppDelegate.swift in Sources */,
			);
			runOnlyForDeploymentPostprocessing = 0;
		};
/* End PBXSourcesBuildPhase section */

/* Begin PBXTargetDependency section */
		00E356F51AD99517003FC87E /* PBXTargetDependency */ = {
			isa = PBXTargetDependency;
			target = 13B07F861A680F5B00A75B9A /* Skolar */;
			targetProxy = 00E356F41AD99517003FC87E /* PBXContainerItemProxy */;
		};
/* End PBXTargetDependency section */

/* Begin XCBuildConfiguration section */
		13B07F941A680F5B00A75B9A /* Debug */ = {
			isa = XCBuildConfiguration;
			baseConfigurationReference = 3B4392A12AC88292D35C810B /* Pods-Skolar.debug.xcconfig */;
			buildSettings = {
				ASSETCATALOG_COMPILER_APPICON_NAME = AppIcon;
				CLANG_ENABLE_MODULES = YES;
				CURRENT_PROJECT_VERSION = 1;
				ENABLE_BITCODE = NO;
				INFOPLIST_FILE = Skolar/Info.plist;
				IPHONEOS_DEPLOYMENT_TARGET = 15.1;
				LD_RUNPATH_SEARCH_PATHS = (
					"$(inherited)",
					"@executable_path/Frameworks",
				);
				MARKETING_VERSION = 1.0;
				OTHER_LDFLAGS = (
					"$(inherited)",
					"-ObjC",
					"-lc++",
				);
				PRODUCT_BUNDLE_IDENTIFIER = "org.reactjs.native.example.$(PRODUCT_NAME:rfc1034identifier)";
				PRODUCT_NAME = Skolar;
				SWIFT_OPTIMIZATION_LEVEL = "-Onone";
				SWIFT_VERSION = 5.0;
				VERSIONING_SYSTEM = "apple-generic";
			};
			name = Debug;
		};
		13B07F951A680F5B00A75B9A /* Release */ = {
			isa = XCBuildConfiguration;
			baseConfigurationReference = 5709B34CF0A7D63546082F79 /* Pods-Skolar.release.xcconfig */;
			buildSettings = {
				ASSETCATALOG_COMPILER_APPICON_NAME = AppIcon;
				CLANG_ENABLE_MODULES = YES;
				CURRENT_PROJECT_VERSION = 1;
				INFOPLIST_FILE = Skolar/Info.plist;
				IPHONEOS_DEPLOYMENT_TARGET = 15.1;
				LD_RUNPATH_SEARCH_PATHS = (
					"$(inherited)",
					"@executable_path/Frameworks",
				);
				MARKETING_VERSION = 1.0;
				OTHER_LDFLAGS = (
					"$(inherited)",
					"-ObjC",
					"-lc++",
				);
				PRODUCT_BUNDLE_IDENTIFIER = "org.reactjs.native.example.$(PRODUCT_NAME:rfc1034identifier)";
				PRODUCT_NAME = Skolar;
				SWIFT_VERSION = 5.0;
				VERSIONING_SYSTEM = "apple-generic";
			};
			name = Release;
		};
		83CBBA201A601CBA00E9B192 /* Debug */ = {
			isa = XCBuildConfiguration;
			buildSettings = {
				ALWAYS_SEARCH_USER_PATHS = NO;
				CLANG_ANALYZER_LOCALIZABILITY_NONLOCALIZED = YES;
				CLANG_CXX_LANGUAGE_STANDARD = "c++20";
				CLANG_CXX_LIBRARY = "libc++";
				CLANG_ENABLE_MODULES = YES;
				CLANG_ENABLE_OBJC_ARC = YES;
				CLANG_WARN_BLOCK_CAPTURE_AUTORELEASING = YES;
				CLANG_WARN_BOOL_CONVERSION = YES;
				CLANG_WARN_COMMA = YES;
				CLANG_WARN_CONSTANT_CONVERSION = YES;
				CLANG_WARN_DEPRECATED_OBJC_IMPLEMENTATIONS = YES;
				CLANG_WARN_DIRECT_OBJC_ISA_USAGE = YES_ERROR;
				CLANG_WARN_EMPTY_BODY = YES;
				CLANG_WARN_ENUM_CONVERSION = YES;
				CLANG_WARN_INFINITE_RECURSION = YES;
				CLANG_WARN_INT_CONVERSION = YES;
				CLANG_WARN_NON_LITERAL_NULL_CONVERSION = YES;
				CLANG_WARN_OBJC_IMPLICIT_RETAIN_SELF = YES;
				CLANG_WARN_OBJC_LITERAL_CONVERSION = YES;
				CLANG_WARN_OBJC_ROOT_CLASS = YES_ERROR;
				CLANG_WARN_QUOTED_INCLUDE_IN_FRAMEWORK_HEADER = YES;
				CLANG_WARN_RANGE_LOOP_ANALYSIS = YES;
				CLANG_WARN_STRICT_PROTOTYPES = YES;
				CLANG_WARN_SUSPICIOUS_MOVE = YES;
				CLANG_WARN_UNREACHABLE_CODE = YES;
				CLANG_WARN__DUPLICATE_METHOD_MATCH = YES;
				"CODE_SIGN_IDENTITY[sdk=iphoneos*]" = "iPhone Developer";
				COPY_PHASE_STRIP = NO;
				ENABLE_STRICT_OBJC_MSGSEND = YES;
				ENABLE_TESTABILITY = YES;
				"EXCLUDED_ARCHS[sdk=iphonesimulator*]" = "";
				GCC_C_LANGUAGE_STANDARD = gnu99;
				GCC_DYNAMIC_NO_PIC = NO;
				GCC_NO_COMMON_BLOCKS = YES;
				GCC_OPTIMIZATION_LEVEL = 0;
				GCC_PREPROCESSOR_DEFINITIONS = (
					"DEBUG=1",
					"$(inherited)",
				);
				GCC_SYMBOLS_PRIVATE_EXTERN = NO;
				GCC_WARN_64_TO_32_BIT_CONVERSION = YES;
				GCC_WARN_ABOUT_RETURN_TYPE = YES_ERROR;
				GCC_WARN_UNDECLARED_SELECTOR = YES;
				GCC_WARN_UNINITIALIZED_AUTOS = YES_AGGRESSIVE;
				GCC_WARN_UNUSED_FUNCTION = YES;
				GCC_WARN_UNUSED_VARIABLE = YES;
				IPHONEOS_DEPLOYMENT_TARGET = 15.1;
				LD_RUNPATH_SEARCH_PATHS = (
					/usr/lib/swift,
					"$(inherited)",
				);
				LIBRARY_SEARCH_PATHS = (
					"\"$(SDKROOT)/usr/lib/swift\"",
					"\"$(TOOLCHAIN_DIR)/usr/lib/swift/$(PLATFORM_NAME)\"",
					"\"$(inherited)\"",
				);
				MTL_ENABLE_DEBUG_INFO = YES;
				ONLY_ACTIVE_ARCH = YES;
				OTHER_CPLUSPLUSFLAGS = (
					"$(OTHER_CFLAGS)",
					"-DFOLLY_NO_CONFIG",
					"-DFOLLY_MOBILE=1",
					"-DFOLLY_USE_LIBCPP=1",
					"-DFOLLY_CFG_NO_COROUTINES=1",
					"-DFOLLY_HAVE_CLOCK_GETTIME=1",
				);
				SDKROOT = iphoneos;
			};
			name = Debug;
		};
		83CBBA211A601CBA00E9B192 /* Release */ = {
			isa = XCBuildConfiguration;
			buildSettings = {
				ALWAYS_SEARCH_USER_PATHS = NO;
				CLANG_ANALYZER_LOCALIZABILITY_NONLOCALIZED = YES;
				CLANG_CXX_LANGUAGE_STANDARD = "c++20";
				CLANG_CXX_LIBRARY = "libc++";
				CLANG_ENABLE_MODULES = YES;
				CLANG_ENABLE_OBJC_ARC = YES;
				CLANG_WARN_BLOCK_CAPTURE_AUTORELEASING = YES;
				CLANG_WARN_BOOL_CONVERSION = YES;
				CLANG_WARN_COMMA = YES;
				CLANG_WARN_CONSTANT_CONVERSION = YES;
				CLANG_WARN_DEPRECATED_OBJC_IMPLEMENTATIONS = YES;
				CLANG_WARN_DIRECT_OBJC_ISA_USAGE = YES_ERROR;
				CLANG_WARN_EMPTY_BODY = YES;
				CLANG_WARN_ENUM_CONVERSION = YES;
				CLANG_WARN_INFINITE_RECURSION = YES;
				CLANG_WARN_INT_CONVERSION = YES;
				CLANG_WARN_NON_LITERAL_NULL_CONVERSION = YES;
				CLANG_WARN_OBJC_IMPLICIT_RETAIN_SELF = YES;
				CLANG_WARN_OBJC_LITERAL_CONVERSION = YES;
				CLANG_WARN_OBJC_ROOT_CLASS = YES_ERROR;
				CLANG_WARN_QUOTED_INCLUDE_IN_FRAMEWORK_HEADER = YES;
				CLANG_WARN_RANGE_LOOP_ANALYSIS = YES;
				CLANG_WARN_STRICT_PROTOTYPES = YES;
				CLANG_WARN_SUSPICIOUS_MOVE = YES;
				CLANG_WARN_UNREACHABLE_CODE = YES;
				CLANG_WARN__DUPLICATE_METHOD_MATCH = YES;
				"CODE_SIGN_IDENTITY[sdk=iphoneos*]" = "iPhone Developer";
				COPY_PHASE_STRIP = YES;
				ENABLE_NS_ASSERTIONS = NO;
				ENABLE_STRICT_OBJC_MSGSEND = YES;
				"EXCLUDED_ARCHS[sdk=iphonesimulator*]" = "";
				GCC_C_LANGUAGE_STANDARD = gnu99;
				GCC_NO_COMMON_BLOCKS = YES;
				GCC_WARN_64_TO_32_BIT_CONVERSION = YES;
				GCC_WARN_ABOUT_RETURN_TYPE = YES_ERROR;
				GCC_WARN_UNDECLARED_SELECTOR = YES;
				GCC_WARN_UNINITIALIZED_AUTOS = YES_AGGRESSIVE;
				GCC_WARN_UNUSED_FUNCTION = YES;
				GCC_WARN_UNUSED_VARIABLE = YES;
				IPHONEOS_DEPLOYMENT_TARGET = 15.1;
				LD_RUNPATH_SEARCH_PATHS = (
					/usr/lib/swift,
					"$(inherited)",
				);
				LIBRARY_SEARCH_PATHS = (
					"\"$(SDKROOT)/usr/lib/swift\"",
					"\"$(TOOLCHAIN_DIR)/usr/lib/swift/$(PLATFORM_NAME)\"",
					"\"$(inherited)\"",
				);
				MTL_ENABLE_DEBUG_INFO = NO;
				OTHER_CPLUSPLUSFLAGS = (
					"$(OTHER_CFLAGS)",
					"-DFOLLY_NO_CONFIG",
					"-DFOLLY_MOBILE=1",
					"-DFOLLY_USE_LIBCPP=1",
					"-DFOLLY_CFG_NO_COROUTINES=1",
					"-DFOLLY_HAVE_CLOCK_GETTIME=1",
				);
				SDKROOT = iphoneos;
				VALIDATE_PRODUCT = YES;
			};
			name = Release;
		};
/* End XCBuildConfiguration section */

/* Begin XCConfigurationList section */
		13B07F931A680F5B00A75B9A /* Build configuration list for PBXNativeTarget "Skolar" */ = {
			isa = XCConfigurationList;
			buildConfigurations = (
				13B07F941A680F5B00A75B9A /* Debug */,
				13B07F951A680F5B00A75B9A /* Release */,
			);
			defaultConfigurationIsVisible = 0;
			defaultConfigurationName = Release;
		};
		83CBB9FA1A601CBA00E9B192 /* Build configuration list for PBXProject "Skolar" */ = {
			isa = XCConfigurationList;
			buildConfigurations = (
				83CBBA201A601CBA00E9B192 /* Debug */,
				83CBBA211A601CBA00E9B192 /* Release */,
			);
			defaultConfigurationIsVisible = 0;
			defaultConfigurationName = Release;
		};
/* End XCConfigurationList section */
	};
	rootObject = 83CBB9F71A601CBA00E9B192 /* Project object */;
}
